gioui.org v0.9.0/go.mod h1:CjNig0wAhLt9WZxOPAusgFD8x8IRvqt26LdDBa3Jvao=
gioui.org/cpu v0.0.0-20210808092351-bfe733dd3334/go.mod h1:A8M0Cn5o+vY5LTMlnRoK3O5kG+rH0kWfJjeKd9QpBmQ=
gioui.org/shader v1.0.8 h1:6ks0o/A+b0ne7RzEqRZK5f4Gboz2CfG+mVliciy6+qA=
gioui.org/shader v1.0.8/go.mod h1:mWdiME581d/kV7/iEhLmUgUK5iZ09XR5XpduXzbePVM=
github.com/go-text/typesetting v0.3.3 h1:ihGNJU9KzdK2QRDy1Bm7FT5RFQoYb+3n3EIhI/4eaQc=
github.com/go-text/typesetting v0.3.3/go.mod h1:vIRUT25mLQaSh4C8H/lIsKppQz/Gdb8Pu/tNwpi52ts=
github.com/tombanksme/gio v0.0.0-20260210072839-e226f442b9a2 h1:d83FR7dshLb2dYw0wbLtMhKIFfRB7ZWS4HdTjmx/P0s=
github.com/tombanksme/gio v0.0.0-20260210072839-e226f442b9a2/go.mod h1:BdI7mF5DCa3kxlo3G93XHL7khtZnk1gu4335pExk8gs=
github.com/tombanksme/gio v0.0.0-20260210084522-0aae27e85553 h1:Wl+H5qIc0Pm8VBlBCzydXkPLBLcA7fr7lZofG1fLAK4=
github.com/tombanksme/gio v0.0.0-20260210084522-0aae27e85553/go.mod h1:BdI7mF5DCa3kxlo3G93XHL7khtZnk1gu4335pExk8gs=
golang.org/x/exp v0.0.0-20250408133849-7e4ce0ab07d0 h1:R84qjqJb5nVJMxqWYb3np9L5ZsaDtB+a39EqjV0JSUM=
golang.org/x/exp/shiny v0.0.0-20260112195511-716be5621a96 h1:wJ3cDLvYRAWzRt6f3e2VwVlziH3httfx2PGMa8hqqWo=
golang.org/x/exp/shiny v0.0.0-20260112195511-716be5621a96/go.mod h1:hq/Ge0xSczE7aHicXVhn3Kd0j3hOtWQR4KEgAwemgdk=
golang.org/x/exp/shiny v0.0.0-20260209203927-2842357ff358 h1:cPCrmjVzlx/yVDBr1S7Pl3TFo5vEAFrus5a139vIg6Q=
golang.org/x/exp/shiny v0.0.0-20260209203927-2842357ff358/go.mod h1:NJvadzWdysRnMQ01yaqBdZglv1MjdIvnn5KrwzzrYp8=
golang.org/x/image v0.35.0 h1:LKjiHdgMtO8z7Fh18nGY6KDcoEtVfsgLDPeLyguqb7I=
golang.org/x/image v0.35.0/go.mod h1:MwPLTVgvxSASsxdLzKrl8BRFuyqMyGhLwmC+TO1Sybk=
golang.org/x/image v0.36.0 h1:Iknbfm1afbgtwPTmHnS2gTM/6PPZfH+z2EFuOkSbqwc=
golang.org/x/image v0.36.0/go.mod h1:YsWD2TyyGKiIX1kZlu9QfKIsQ4nAAK9bdgdrIsE7xy4=
golang.org/x/net v0.49.0 h1:eeHFmOGUTtaaPSGNmjBKpbng9MulQsJURQUAfUwY++o=
golang.org/x/net v0.49.0/go.mod h1:/ysNB2EvaqvesRkuLAyjI1ycPZlQHM3q01F02UY/MV8=
golang.org/x/net v0.50.0 h1:ucWh9eiCGyDR3vtzso0WMQinm2Dnt8cFMuQa9K33J60=
golang.org/x/net v0.50.0/go.mod h1:UgoSli3F/pBgdJBHCTc+tp3gmrU4XswgGRgtnwWTfyM=
golang.org/x/sys v0.40.0 h1:DBZZqJ2Rkml6QMQsZywtnjnnGvHza6BTfYFWY9kjEWQ=
golang.org/x/sys v0.40.0/go.mod h1:OgkHotnGiDImocRcuBABYBEXf8A9a87e/uXjp9XT3ks=
golang.org/x/sys v0.41.0 h1:Ivj+2Cp/ylzLiEU89QhWblYnOE9zerudt9Ftecq2C6k=
golang.org/x/sys v0.41.0/go.mod h1:OgkHotnGiDImocRcuBABYBEXf8A9a87e/uXjp9XT3ks=
golang.org/x/text v0.33.0 h1:B3njUFyqtHDUI5jMn1YIr5B0IE2U0qck04r6d4KPAxE=
golang.org/x/text v0.33.0/go.mod h1:LuMebE6+rBincTi9+xWTY8TztLzKHc/9C1uBCG27+q8=
golang.org/x/text v0.34.0 h1:oL/Qq0Kdaqxa1KbNeMKwQq0reLCCaFtqu2eNuSeNHbk=
golang.org/x/text v0.34.0/go.mod h1:homfLqTYRFyVYemLBFl5GgL/DWEiH5wcsQ5gSh1yziA=
